
Microsoft Visual Studio Solution File, Format Version 12.00
# Visual Studio Version 17
VisualStudioVersion = 17.4.33103.184
MinimumVisualStudioVersion = 10.0.40219.1
Project("{FAE04EC0-301F-11D3-BF4B-00C04F79EFBC}") = "VSIntro", "VSIntro.csproj", "{2514517A-183A-459D-835D-DA43C6007E64}"
EndProject
Global
	GlobalSection(SolutionConfigurationPlatforms) = preSolution
		Debug|Any CPU = Debug|Any CPU
		Release|Any CPU = Release|Any CPU
	EndGlobalSection
	GlobalSection(ProjectConfigurationPlatforms) = postSolution
		{2514517A-183A-459D-835D-DA43C6007E64}.Debug|Any CPU.ActiveCfg = Debug|Any CPU
		{2514517A-183A-459D-835D-DA43C6007E64}.Debug|Any CPU.Build.0 = Debug|Any CPU
		{2514517A-183A-459D-835D-DA43C6007E64}.Release|Any CPU.ActiveCfg = Release|Any CPU
		{2514517A-183A-459D-835D-DA43C6007E64}.Release|Any CPU.Build.0 = Release|Any CPU
	EndGlobalSection
	GlobalSection(SolutionProperties) = preSolution
		HideSolutionNode = FALSE
	EndGlobalSection
	GlobalSection(ExtensibilityGlobals) = postSolution
		SolutionGuid = {DA96F7C4-25B6-4A05-A94E-9C1E92138CC7}
	EndGlobalSection
EndGlobal
